// !$*UTF8*$!
{
	archiveVersion = 1;
	classes = {
	};
	objectVersion = 55;
	objects = {

/* Begin PBXBuildFile section */
		897C6CAE28B2BBD900160289 /* AppDelegate.swift in Sources */ = {isa = PBXBuildFile; fileRef = 897C6CAD28B2BBD900160289 /* AppDelegate.swift */; };
		897C6CB028B2BBD900160289 /* SceneDelegate.swift in Sources */ = {isa = PBXBuildFile; fileRef = 897C6CAF28B2BBD900160289 /* SceneDelegate.swift */; };
		897C6CB228B2BBD900160289 /* ViewController.swift in Sources */ = {isa = PBXBuildFile; fileRef = 897C6CB128B2BBD900160289 /* ViewController.swift */; };
		897C6CB728B2BBDA00160289 /* Assets.xcassets in Resources */ = {isa = PBXBuildFile; fileRef = 897C6CB628B2BBDA00160289 /* Assets.xcassets */; };
		897C6CBA28B2BBDA00160289 /* LaunchScreen.storyboard in Resources */ = {isa = PBXBuildFile; fileRef = 897C6CB828B2BBDA00160289 /* LaunchScreen.storyboard */; };
/* End PBXBuildFile section */

/* Begin PBXFileReference section */
		897C6CAA28B2BBD900160289 /* simple pomodoro timer.app */ = {isa = PBXFileReference; explicitFileType = wrapper.application; includeInIndex = 0; path = "simple pomodoro timer.app"; sourceTree = BUILT_PRODUCTS_DIR; };
		897C6CAD28B2BBD900160289 /* AppDelegate.swift */ = {isa = PBXFileReference; lastKnownFileType = sourcecode.swift; path = AppDelegate.swift; sourceTree = "<group>"; };
		897C6CAF28B2BBD900160289 /* SceneDelegate.swift */ = {isa = PBXFileReference; lastKnownFileType = sourcecode.swift; path = SceneDelegate.swift; sourceTree = "<group>"; };
		897C6CB128B2BBD900160289 /* ViewController.swift */ = {isa = PBXFileReference; lastKnownFileType = sourcecode.swift; path = ViewController.swift; sourceTree = "<group>"; };
		897C6CB628B2BBDA00160289 /* Assets.xcassets */ = {isa = PBXFileReference; lastKnownFileType = folder.assetcatalog; path = Assets.xcassets; sourceTree = "<group>"; };
		897C6CB928B2BBDA00160289 /* Base */ = {isa = PBXFileReference; lastKnownFileType = file.storyboard; name = Base; path = Base.lproj/LaunchScreen.storyboard; sourceTree = "<group>"; };
		897C6CBB28B2BBDA00160289 /* Info.plist */ = {isa = PBXFileReference; lastKnownFileType = text.plist.xml; path = Info.plist; sourceTree = "<group>"; };
/* End PBXFileReference section */

/* Begin PBXFrameworksBuildPhase section */
		897C6CA728B2BBD900160289 /* Frameworks */ = {
			isa = PBXFrameworksBuildPhase;
			buildActionMask = 2147483647;
			files = (
			);
			runOnlyForDeploymentPostprocessing = 0;
		};
/* End PBXFrameworksBuildPhase section */

/* Begin PBXGroup section */
		897C6CA128B2BBD900160289 = {
			isa = PBXGroup;
			children = (
				897C6CAC28B2BBD900160289 /* simple pomodoro timer */,
				897C6CAB28B2BBD900160289 /* Products */,
			);
			sourceTree = "<group>";
		};
		897C6CAB28B2BBD900160289 /* Products */ = {
			isa = PBXGroup;
			children = (
				897C6CAA28B2BBD900160289 /* simple pomodoro timer.app */,
			);
			name = Products;
			sourceTree = "<group>";
		};
		897C6CAC28B2BBD900160289 /* simple pomodoro timer */ = {
			isa = PBXGroup;
			children = (
				897C6CC128B2BBE700160289 /* Resources */,
				897C6CC228B2BBF300160289 /* Sources */,
			);
			path = "simple pomodoro timer";
			sourceTree = "<group>";
		};
		897C6CC128B2BBE700160289 /* Resources */ = {
			isa = PBXGroup;
			children = (
				897C6CB628B2BBDA00160289 /* Assets.xcassets */,
				897C6CC528B2BC1800160289 /* Configuration */,
			);
			path = Resources;
			sourceTree = "<group>";
		};
		897C6CC228B2BBF300160289 /* Sources */ = {
			isa = PBXGroup;
			children = (
				897C6CC428B2BC0700160289 /* Storyboard */,
				897C6CC328B2BBFD00160289 /* App */,
				897C6CB128B2BBD900160289 /* ViewController.swift */,
			);
			path = Sources;
			sourceTree = "<group>";
		};
		897C6CC328B2BBFD00160289 /* App */ = {
			isa = PBXGroup;
			children = (
				897C6CAD28B2BBD900160289 /* AppDelegate.swift */,
				897C6CAF28B2BBD900160289 /* SceneDelegate.swift */,
			);
			path = App;
			sourceTree = "<group>";
		};
		897C6CC428B2BC0700160289 /* Storyboard */ = {
			isa = PBXGroup;
			children = (
				897C6CB828B2BBDA00160289 /* LaunchScreen.storyboard */,
			);
			path = Storyboard;
			sourceTree = "<group>";
		};
		897C6CC528B2BC1800160289 /* Configuration */ = {
			isa = PBXGroup;
			children = (
				897C6CBB28B2BBDA00160289 /* Info.plist */,
			);
			path = Configuration;
			sourceTree = "<group>";
		};
/* End PBXGroup section */

/* Begin PBXNativeTarget section */
		897C6CA928B2BBD900160289 /* simple pomodoro timer */ = {
			isa = PBXNativeTarget;
			buildConfigurationList = 897C6CBE28B2BBDA00160289 /* Build configuration list for PBXNativeTarget "simple pomodoro timer" */;
			buildPhases = (
				897C6CA628B2BBD900160289 /* Sources */,
				897C6CA728B2BBD900160289 /* Frameworks */,
				897C6CA828B2BBD900160289 /* Resources */,
			);
			buildRules = (
			);
			dependencies = (
			);
			name = "simple pomodoro timer";
			productName = "simple pomodoro timer";
			productReference = 897C6CAA28B2BBD900160289 /* simple pomodoro timer.app */;
			productType = "com.apple.product-type.application";
		};
/* End PBXNativeTarget section */

/* Begin PBXProject section */
		897C6CA228B2BBD900160289 /* Project object */ = {
			isa = PBXProject;
			attributes = {
				BuildIndependentTargetsInParallel = 1;
				LastSwiftUpdateCheck = 1340;
				LastUpgradeCheck = 1340;
				TargetAttributes = {
					897C6CA928B2BBD900160289 = {
						CreatedOnToolsVersion = 13.4.1;
					};
				};
			};
			buildConfigurationList = 897C6CA528B2BBD900160289 /* Build configuration list for PBXProject "simple pomodoro timer" */;
			compatibilityVersion = "Xcode 13.0";
			developmentRegion = en;
			hasScannedForEncodings = 0;
			knownRegions = (
				en,
				Base,
			);
			mainGroup = 897C6CA128B2BBD900160289;
			productRefGroup = 897C6CAB28B2BBD900160289 /* Products */;
			projectDirPath = "";
			projectRoot = "";
			targets = (
				897C6CA928B2BBD900160289 /* simple pomodoro timer */,
			);
		};
/* End PBXProject section */

/* Begin PBXResourcesBuildPhase section */
		897C6CA828B2BBD900160289 /* Resources */ = {
			isa = PBXResourcesBuildPhase;
			buildActionMask = 2147483647;
			files = (
				897C6CBA28B2BBDA00160289 /* LaunchScreen.storyboard in Resources */,
				897C6CB728B2BBDA00160289 /* Assets.xcassets in Resources */,
			);
			runOnlyForDeploymentPostprocessing = 0;
		};
/* End PBXResourcesBuildPhase section */

/* Begin PBXSourcesBuildPhase section */
		897C6CA628B2BBD900160289 /* Sources */ = {
			isa = PBXSourcesBuildPhase;
			buildActionMask = 2147483647;
			files = (
				897C6CB228B2BBD900160289 /* ViewController.swift in Sources */,
				897C6CAE28B2BBD900160289 /* AppDelegate.swift in Sources */,
				897C6CB028B2BBD900160289 /* SceneDelegate.swift in Sources */,
			);
			runOnlyForDeploymentPostprocessing = 0;
		};
/* End PBXSourcesBuildPhase section */

/* Begin PBXVariantGroup section */
		897C6CB828B2BBDA00160289 /* LaunchScreen.storyboard */ = {
			isa = PBXVariantGroup;
			children = (
				897C6CB928B2BBDA00160289 /* Base */,
			);
			name = LaunchScreen.storyboard;
			sourceTree = "<group>";
		};
/* End PBXVariantGroup section */

/* Begin XCBuildConfiguration section */
		897C6CBC28B2BBDA00160289 /* Debug */ = {
			isa = XCBuildConfiguration;
			buildSettings = {
				ALWAYS_SEARCH_USER_PATHS = NO;
				CLANG_ANALYZER_NONNULL = YES;
				CLANG_ANALYZER_NUMBER_OBJECT_CONVERSION = YES_AGGRESSIVE;
				CLANG_CXX_LANGUAGE_STANDARD = "gnu++17";
				CLANG_ENABLE_MODULES = YES;
				CLANG_ENABLE_OBJC_ARC = YES;
				CLANG_ENABLE_OBJC_WEAK = YES;
				CLANG_WARN_BLOCK_CAPTURE_AUTORELEASING = YES;
				CLANG_WARN_BOOL_CONVERSION = YES;
				CLANG_WARN_COMMA = YES;
				CLANG_WARN_CONSTANT_CONVERSION = YES;
				CLANG_WARN_DEPRECATED_OBJC_IMPLEMENTATIONS = YES;
				CLANG_WARN_DIRECT_OBJC_ISA_USAGE = YES_ERROR;
				CLANG_WARN_DOCUMENTATION_COMMENTS = YES;
				CLANG_WARN_EMPTY_BODY = YES;
				CLANG_WARN_ENUM_CONVERSION = YES;
				CLANG_WARN_INFINITE_RECURSION = YES;
				CLANG_WARN_INT_CONVERSION = YES;
				CLANG_WARN_NON_LITERAL_NULL_CONVERSION = YES;
				CLANG_WARN_OBJC_IMPLICIT_RETAIN_SELF = YES;
				CLANG_WARN_OBJC_LITERAL_CONVERSION = YES;
				CLANG_WARN_OBJC_ROOT_CLASS = YES_ERROR;
				CLANG_WARN_QUOTED_INCLUDE_IN_FRAMEWORK_HEADER = YES;
				CLANG_WARN_RANGE_LOOP_ANALYSIS = YES;
				CLANG_WARN_STRICT_PROTOTYPES = YES;
				CLANG_WARN_SUSPICIOUS_MOVE = YES;
				CLANG_WARN_UNGUARDED_AVAILABILITY = YES_AGGRESSIVE;
				CLANG_WARN_UNREACHABLE_CODE = YES;
				CLANG_WARN__DUPLICATE_METHOD_MATCH = YES;
				COPY_PHASE_STRIP = NO;
				DEBUG_INFORMATION_FORMAT = dwarf;
				ENABLE_STRICT_OBJC_MSGSEND = YES;
				ENABLE_TESTABILITY = YES;
				GCC_C_LANGUAGE_STANDARD = gnu11;
				GCC_DYNAMIC_NO_PIC = NO;
				GCC_NO_COMMON_BLOCKS = YES;
				GCC_OPTIMIZATION_LEVEL = 0;
				GCC_PREPROCESSOR_DEFINITIONS = (
					"DEBUG=1",
					"$(inherited)",
				);
				GCC_WARN_64_TO_32_BIT_CONVERSION = YES;
				GCC_WARN_ABOUT_RETURN_TYPE = YES_ERROR;
				GCC_WARN_UNDECLARED_SELECTOR = YES;
				GCC_WARN_UNINITIALIZED_AUTOS = YES_AGGRESSIVE;
				GCC_WARN_UNUSED_FUNCTION = YES;
				GCC_WARN_UNUSED_VARIABLE = YES;
				IPHONEOS_DEPLOYMENT_TARGET = 15.5;
				MTL_ENABLE_DEBUG_INFO = INCLUDE_SOURCE;
				MTL_FAST_MATH = YES;
				ONLY_ACTIVE_ARCH = YES;
				SDKROOT = iphoneos;
				SWIFT_ACTIVE_COMPILATION_CONDITIONS = DEBUG;
				SWIFT_OPTIMIZATION_LEVEL = "-Onone";
			};
			name = Debug;
		};
		897C6CBD28B2BBDA00160289 /* Release */ = {
			isa = XCBuildConfiguration;
			buildSettings = {
				ALWAYS_SEARCH_USER_PATHS = NO;
				CLANG_ANALYZER_NONNULL = YES;
				CLANG_ANALYZER_NUMBER_OBJECT_CONVERSION = YES_AGGRESSIVE;
				CLANG_CXX_LANGUAGE_STANDARD = "gnu++17";
				CLANG_ENABLE_MODULES = YES;
				CLANG_ENABLE_OBJC_ARC = YES;
				CLANG_ENABLE_OBJC_WEAK = YES;
				CLANG_WARN_BLOCK_CAPTURE_AUTORELEASING = YES;
				CLANG_WARN_BOOL_CONVERSION = YES;
				CLANG_WARN_COMMA = YES;
				CLANG_WARN_CONSTANT_CONVERSION = YES;
				CLANG_WARN_DEPRECATED_OBJC_IMPLEMENTATIONS = YES;
				CLANG_WARN_DIRECT_OBJC_ISA_USAGE = YES_ERROR;
				CLANG_WARN_DOCUMENTATION_COMMENTS = YES;
				CLANG_WARN_EMPTY_BODY = YES;
				CLANG_WARN_ENUM_CONVERSION = YES;
				CLANG_WARN_INFINITE_RECURSION = YES;
				CLANG_WARN_INT_CONVERSION = YES;
				CLANG_WARN_NON_LITERAL_NULL_CONVERSION = YES;
				CLANG_WARN_OBJC_IMPLICIT_RETAIN_SELF = YES;
				CLANG_WARN_OBJC_LITERAL_CONVERSION = YES;
				CLANG_WARN_OBJC_ROOT_CLASS = YES_ERROR;
				CLANG_WARN_QUOTED_INCLUDE_IN_FRAMEWORK_HEADER = YES;
				CLANG_WARN_RANGE_LOOP_ANALYSIS = YES;
				CLANG_WARN_STRICT_PROTOTYPES = YES;
				CLANG_WARN_SUSPICIOUS_MOVE = YES;
				CLANG_WARN_UNGUARDED_AVAILABILITY = YES_AGGRESSIVE;
				CLANG_WARN_UNREACHABLE_CODE = YES;
				CLANG_WARN__DUPLICATE_METHOD_MATCH = YES;
				COPY_PHASE_STRIP = NO;
				DEBUG_INFORMATION_FORMAT = "dwarf-with-dsym";
				ENABLE_NS_ASSERTIONS = NO;
				ENABLE_STRICT_OBJC_MSGSEND = YES;
				GCC_C_LANGUAGE_STANDARD = gnu11;
				GCC_NO_COMMON_BLOCKS = YES;
				GCC_WARN_64_TO_32_BIT_CONVERSION = YES;
				GCC_WARN_ABOUT_RETURN_TYPE = YES_ERROR;
				GCC_WARN_UNDECLARED_SELECTOR = YES;
				GCC_WARN_UNINITIALIZED_AUTOS = YES_AGGRESSIVE;
				GCC_WARN_UNUSED_FUNCTION = YES;
				GCC_WARN_UNUSED_VARIABLE = YES;
				IPHONEOS_DEPLOYMENT_TARGET = 15.5;
				MTL_ENABLE_DEBUG_INFO = NO;
				MTL_FAST_MATH = YES;
				SDKROOT = iphoneos;
				SWIFT_COMPILATION_MODE = wholemodule;
				SWIFT_OPTIMIZATION_LEVEL = "-O";
				VALIDATE_PRODUCT = YES;
			};
			name = Release;
		};
		897C6CBF28B2BBDA00160289 /* Debug */ = {
			isa = XCBuildConfiguration;
			buildSettings = {
				ASSETCATALOG_COMPILER_APPICON_NAME = AppIcon;
				ASSETCATALOG_COMPILER_GLOBAL_ACCENT_COLOR_NAME = AccentColor;
				CODE_SIGN_STYLE = Automatic;
				CURRENT_PROJECT_VERSION = 1;
				DEVELOPMENT_TEAM = 8Y2M33565N;
				GENERATE_INFOPLIST_FILE = YES;
				INFOPLIST_FILE = "simple pomodoro timer/Resources/Configuration/Info.plist";
				INFOPLIST_KEY_UIApplicationSupportsIndirectInputEvents = YES;
				INFOPLIST_KEY_UILaunchStoryboardName = LaunchScreen;
				INFOPLIST_KEY_UISupportedInterfaceOrientations_iPad = "UIInterfaceOrientationPortrait UIInterfaceOrientationPortraitUpsideDown UIInterfaceOrientationLandscapeLeft UIInterfaceOrientationLandscapeRight";
				INFOPLIST_KEY_UISupportedInterfaceOrientations_iPhone = "UIInterfaceOrientationPortrait UIInterfaceOrientationLandscapeLeft UIInterfaceOrientationLandscapeRight";
				LD_RUNPATH_SEARCH_PATHS = (
					"$(inherited)",
					"@executable_path/Frameworks",
				);
				MARKETING_VERSION = 1.0;
				PRODUCT_BUNDLE_IDENTIFIER = "NikitaZhiltsov.simple-pomodoro-timer";
				PRODUCT_NAME = "$(TARGET_NAME)";
				SWIFT_EMIT_LOC_STRINGS = YES;
				SWIFT_VERSION = 5.0;
				TARGETED_DEVICE_FAMILY = "1,2";
			};
			name = Debug;
		};
		897C6CC028B2BBDA00160289 /* Release */ = {
			isa = XCBuildConfiguration;
			buildSettings = {
				ASSETCATALOG_COMPILER_APPICON_NAME = AppIcon;
				ASSETCATALOG_COMPILER_GLOBAL_ACCENT_COLOR_NAME = AccentColor;
				CODE_SIGN_STYLE = Automatic;
				CURRENT_PROJECT_VERSION = 1;
				DEVELOPMENT_TEAM = 8Y2M33565N;
				GENERATE_INFOPLIST_FILE = YES;
				INFOPLIST_FILE = "simple pomodoro timer/Resources/Configuration/Info.plist";
				INFOPLIST_KEY_UIApplicationSupportsIndirectInputEvents = YES;
				INFOPLIST_KEY_UILaunchStoryboardName = LaunchScreen;
				INFOPLIST_KEY_UISupportedInterfaceOrientations_iPad = "UIInterfaceOrientationPortrait UIInterfaceOrientationPortraitUpsideDown UIInterfaceOrientationLandscapeLeft UIInterfaceOrientationLandscapeRight";
				INFOPLIST_KEY_UISupportedInterfaceOrientations_iPhone = "UIInterfaceOrientationPortrait UIInterfaceOrientationLandscapeLeft UIInterfaceOrientationLandscapeRight";
				LD_RUNPATH_SEARCH_PATHS = (
					"$(inherited)",
					"@executable_path/Frameworks",
				);
				MARKETING_VERSION = 1.0;
				PRODUCT_BUNDLE_IDENTIFIER = "NikitaZhiltsov.simple-pomodoro-timer";
				PRODUCT_NAME = "$(TARGET_NAME)";
				SWIFT_EMIT_LOC_STRINGS = YES;
				SWIFT_VERSION = 5.0;
				TARGETED_DEVICE_FAMILY = "1,2";
			};
			name = Release;
		};
/* End XCBuildConfiguration section */

/* Begin XCConfigurationList section */
		897C6CA528B2BBD900160289 /* Build configuration list for PBXProject "simple pomodoro timer" */ = {
			isa = XCConfigurationList;
			buildConfigurations = (
				897C6CBC28B2BBDA00160289 /* Debug */,
				897C6CBD28B2BBDA00160289 /* Release */,
			);
			defaultConfigurationIsVisible = 0;
			defaultConfigurationName = Release;
		};
		897C6CBE28B2BBDA00160289 /* Build configuration list for PBXNativeTarget "simple pomodoro timer" */ = {
			isa = XCConfigurationList;
			buildConfigurations = (
				897C6CBF28B2BBDA00160289 /* Debug */,
				897C6CC028B2BBDA00160289 /* Release */,
			);
			defaultConfigurationIsVisible = 0;
			defaultConfigurationName = Release;
		};
/* End XCConfigurationList section */
	};
	rootObject = 897C6CA228B2BBD900160289 /* Project object */;
}
